{
  "nodes": {
    "flatpaks": {
      "inputs": {
        "nixpkgs": "nixpkgs",
        "systems": "systems"
      },
      "locked": {
        "lastModified": 1732008249,
        "narHash": "sha256-cGq/ybv2/S5oNHQUBCUZplXZC4nV1dx5MZ9VhMDZTNI=",
        "owner": "GermanBread",
        "repo": "declarative-flatpak",
        "rev": "fb59bd957efb6580ceeba35d66bd2c6f14306bcf",
        "type": "github"
      },
      "original": {
        "owner": "GermanBread",
        "ref": "stable-v3",
        "repo": "declarative-flatpak",
        "type": "github"
      }
    },
    "home-manager": {
      "inputs": {
        "nixpkgs": [
          "nixpkgs"
        ]
      },
      "locked": {
        "lastModified": 1732303962,
        "narHash": "sha256-5Umjb5AdtxV5jSJd5jxoCckh5mlg+FBQDsyAilu637g=",
        "owner": "nix-community",
        "repo": "home-manager",
        "rev": "8cf9cb2ee78aa129e5b8220135a511a2be254c0c",
        "type": "github"
      },
      "original": {
        "owner": "nix-community",
        "ref": "master",
        "repo": "home-manager",
        "type": "github"
      }
    },
    "nixos-hardware": {
      "locked": {
        "lastModified": 1731797098,
        "narHash": "sha256-UhWmEZhwJZmVZ1jfHZFzCg+ZLO9Tb/v3Y6LC0UNyeTo=",
        "owner": "NixOS",
        "repo": "nixos-hardware",
        "rev": "672ac2ac86f7dff2f6f3406405bddecf960e0db6",
        "type": "github"
      },
      "original": {
        "owner": "NixOS",
        "ref": "master",
        "repo": "nixos-hardware",
        "type": "github"
      }
    },
    "nixpkgs": {
      "locked": {
        "lastModified": 1727907660,
        "narHash": "sha256-QftbyPoieM5M50WKUMzQmWtBWib/ZJbHo7mhj5riQec=",
        "owner": "NixOS",
        "repo": "nixpkgs",
        "rev": "5966581aa04be7eff830b9e1457d56dc70a0b798",
        "type": "github"
      },
      "original": {
        "owner": "NixOS",
        "ref": "nixos-24.05",
        "repo": "nixpkgs",
        "type": "github"
      }
    },
    "nixpkgs_2": {
      "locked": {
        "lastModified": 1732014248,
        "narHash": "sha256-y/MEyuJ5oBWrWAic/14LaIr/u5E0wRVzyYsouYY3W6w=",
        "owner": "nixos",
        "repo": "nixpkgs",
        "rev": "23e89b7da85c3640bbc2173fe04f4bd114342367",
        "type": "github"
      },
      "original": {
        "owner": "nixos",
        "ref": "nixos-unstable",
        "repo": "nixpkgs",
        "type": "github"
      }
    },
    "root": {
      "inputs": {
        "flatpaks": "flatpaks",
        "home-manager": "home-manager",
        "nixos-hardware": "nixos-hardware",
        "nixpkgs": "nixpkgs_2",
        "stableNixpkgs": "stableNixpkgs"
      }
    },
    "stableNixpkgs": {
      "locked": {
        "lastModified": 1732337342,
        "narHash": "sha256-v8prWWMG9SiM4xylbIaeNZfruG2Xj7g0G8z64TeJbXQ=",
        "owner": "NixOS",
        "repo": "nixpkgs",
        "rev": "9fc8d2f9896fc7121868e8b3a378423b61be2a39",
        "type": "github"
      },
      "original": {
        "owner": "NixOS",
        "ref": "release-24.05",
        "repo": "nixpkgs",
        "type": "github"
      }
    },
    "systems": {
      "locked": {
        "lastModified": 1689347949,
        "narHash": "sha256-12tWmuL2zgBgZkdoB6qXZsgJEH9LR3oUgpaQq2RbI80=",
        "owner": "nix-systems",
        "repo": "default-linux",
        "rev": "31732fcf5e8fea42e59c2488ad31a0e651500f68",
        "type": "github"
      },
      "original": {
        "owner": "nix-systems",
        "repo": "default-linux",
        "type": "github"
      }
    }
  },
  "root": "root",
  "version": 7
}
